// !$*UTF8*$!
{
	archiveVersion = 1;
	classes = {
	};
	objectVersion = 46;
	objects = {

/* Begin PBXBuildFile section */
		2E07FDB41A852B2E001E2135 /* AppDelegate.swift in Sources */ = {isa = PBXBuildFile; fileRef = 2E07FDB31A852B2E001E2135 /* AppDelegate.swift */; };
		2E07FDB61A852B2E001E2135 /* ChoresController.swift in Sources */ = {isa = PBXBuildFile; fileRef = 2E07FDB51A852B2E001E2135 /* ChoresController.swift */; };
		2E07FDB81A852B2E001E2135 /* UserController.swift in Sources */ = {isa = PBXBuildFile; fileRef = 2E07FDB71A852B2E001E2135 /* UserController.swift */; };
		2E07FDBB1A852B2E001E2135 /* Main.storyboard in Resources */ = {isa = PBXBuildFile; fileRef = 2E07FDB91A852B2E001E2135 /* Main.storyboard */; };
		2E07FDBD1A852B2E001E2135 /* Images.xcassets in Resources */ = {isa = PBXBuildFile; fileRef = 2E07FDBC1A852B2E001E2135 /* Images.xcassets */; };
		2E07FDC01A852B2E001E2135 /* LaunchScreen.xib in Resources */ = {isa = PBXBuildFile; fileRef = 2E07FDBE1A852B2E001E2135 /* LaunchScreen.xib */; };
		2E07FDCC1A852B2E001E2135 /* MissingSkillsTests.swift in Sources */ = {isa = PBXBuildFile; fileRef = 2E07FDCB1A852B2E001E2135 /* MissingSkillsTests.swift */; };
		2E07FDE31A852D4B001E2135 /* RAMBounceAnimation.swift in Sources */ = {isa = PBXBuildFile; fileRef = 2E07FDD81A852D4B001E2135 /* RAMBounceAnimation.swift */; };
		2E07FDE41A852D4B001E2135 /* RAMFrameItemAnimation.swift in Sources */ = {isa = PBXBuildFile; fileRef = 2E07FDDA1A852D4B001E2135 /* RAMFrameItemAnimation.swift */; };
		2E07FDE51A852D4B001E2135 /* RAMFumeAnimation.swift in Sources */ = {isa = PBXBuildFile; fileRef = 2E07FDDC1A852D4B001E2135 /* RAMFumeAnimation.swift */; };
		2E07FDE61A852D4B001E2135 /* RAMRotationAnimation.swift in Sources */ = {isa = PBXBuildFile; fileRef = 2E07FDDE1A852D4B001E2135 /* RAMRotationAnimation.swift */; };
		2E07FDE71A852D4B001E2135 /* RAMTransitionItemAnimation.swift in Sources */ = {isa = PBXBuildFile; fileRef = 2E07FDE01A852D4B001E2135 /* RAMTransitionItemAnimation.swift */; };
		2E07FDE81A852D4B001E2135 /* RAMAnimatedTabBarController.swift in Sources */ = {isa = PBXBuildFile; fileRef = 2E07FDE11A852D4B001E2135 /* RAMAnimatedTabBarController.swift */; };
		2E07FDE91A852D4B001E2135 /* RAMItemAnimationProtocol.swift in Sources */ = {isa = PBXBuildFile; fileRef = 2E07FDE21A852D4B001E2135 /* RAMItemAnimationProtocol.swift */; };
		2E07FDEB1A852F62001E2135 /* SkillCoinsController.swift in Sources */ = {isa = PBXBuildFile; fileRef = 2E07FDEA1A852F62001E2135 /* SkillCoinsController.swift */; };
		2E07FDED1A8530BB001E2135 /* SettingsController.swift in Sources */ = {isa = PBXBuildFile; fileRef = 2E07FDEC1A8530BB001E2135 /* SettingsController.swift */; };
		2E34348B1AA22FE700475D36 /* AudioToolbox.framework in Frameworks */ = {isa = PBXBuildFile; fileRef = 2E3434891AA22FDB00475D36 /* AudioToolbox.framework */; };
		2E34348E1AA2300000475D36 /* Foundation.framework in Frameworks */ = {isa = PBXBuildFile; fileRef = 2E34348C1AA22FF000475D36 /* Foundation.framework */; };
		2E3434911AA2301400475D36 /* CoreGraphics.framework in Frameworks */ = {isa = PBXBuildFile; fileRef = 2E34348F1AA2300A00475D36 /* CoreGraphics.framework */; };
		2E3434941AA2302100475D36 /* CoreLocation.framework in Frameworks */ = {isa = PBXBuildFile; fileRef = 2E3434921AA2301900475D36 /* CoreLocation.framework */; };
		2E34349A1AA2304100475D36 /* MobileCoreServices.framework in Frameworks */ = {isa = PBXBuildFile; fileRef = 2E3434981AA2303A00475D36 /* MobileCoreServices.framework */; };
		2E34349D1AA2304E00475D36 /* QuartzCore.framework in Frameworks */ = {isa = PBXBuildFile; fileRef = 2E34349B1AA2304800475D36 /* QuartzCore.framework */; };
		2E3434A01AA2305F00475D36 /* Security.framework in Frameworks */ = {isa = PBXBuildFile; fileRef = 2E34349E1AA2305400475D36 /* Security.framework */; };
		2E3434A61AA2307C00475D36 /* SystemConfiguration.framework in Frameworks */ = {isa = PBXBuildFile; fileRef = 2E3434A41AA2307400475D36 /* SystemConfiguration.framework */; };
		2E3434AD1AA2308E00475D36 /* Bolts.framework in Frameworks */ = {isa = PBXBuildFile; fileRef = 2E3434A81AA2308E00475D36 /* Bolts.framework */; };
		2E3434AE1AA2308E00475D36 /* Parse.framework in Frameworks */ = {isa = PBXBuildFile; fileRef = 2E3434A91AA2308E00475D36 /* Parse.framework */; };
		2E3434AF1AA2308E00475D36 /* ParseCrashReporting.framework in Frameworks */ = {isa = PBXBuildFile; fileRef = 2E3434AA1AA2308E00475D36 /* ParseCrashReporting.framework */; };
		2E3434B01AA2308E00475D36 /* ParseFacebookUtils.framework in Frameworks */ = {isa = PBXBuildFile; fileRef = 2E3434AB1AA2308E00475D36 /* ParseFacebookUtils.framework */; };
		2E3434B11AA2308E00475D36 /* ParseUI.framework in Frameworks */ = {isa = PBXBuildFile; fileRef = 2E3434AC1AA2308E00475D36 /* ParseUI.framework */; };
		2E3434B41AA230B000475D36 /* ParseBridge.m in Sources */ = {isa = PBXBuildFile; fileRef = 2E3434B31AA230B000475D36 /* ParseBridge.m */; };
		2E3F11161AA27B0B00E16185 /* libsqlite3.dylib in Frameworks */ = {isa = PBXBuildFile; fileRef = 2E3434B51AA2317800475D36 /* libsqlite3.dylib */; };
		2E426F051A8EA55800A74684 /* Karweitjes.swift in Sources */ = {isa = PBXBuildFile; fileRef = 2E426F041A8EA55800A74684 /* Karweitjes.swift */; };
		2E426F071A8EA56E00A74684 /* DetailViewController.swift in Sources */ = {isa = PBXBuildFile; fileRef = 2E426F061A8EA56E00A74684 /* DetailViewController.swift */; };
		2E426F091A8EA59300A74684 /* Colors.swift in Sources */ = {isa = PBXBuildFile; fileRef = 2E426F081A8EA59300A74684 /* Colors.swift */; };
		2E426F0B1A8EA70300A74684 /* CustomCell.swift in Sources */ = {isa = PBXBuildFile; fileRef = 2E426F0A1A8EA70300A74684 /* CustomCell.swift */; };
		2E79BEAD1AA8BD8500416ABF /* userv_icon.png in Resources */ = {isa = PBXBuildFile; fileRef = 2E79BEA91AA8BD8500416ABF /* userv_icon.png */; };
		2E79BEAF1AA8BD8500416ABF /* choresv_icon.png in Resources */ = {isa = PBXBuildFile; fileRef = 2E79BEAB1AA8BD8500416ABF /* choresv_icon.png */; };
		2E79BEB31AA8C5BD00416ABF /* coinv_icon.png in Resources */ = {isa = PBXBuildFile; fileRef = 2E79BEB11AA8C5BD00416ABF /* coinv_icon.png */; };
		2E79BEB41AA8C5BD00416ABF /* settingv_icon.png in Resources */ = {isa = PBXBuildFile; fileRef = 2E79BEB21AA8C5BD00416ABF /* settingv_icon.png */; };
		2E79BEBF1AA8FF8400416ABF /* easy.png in Resources */ = {isa = PBXBuildFile; fileRef = 2E79BEBC1AA8FF8400416ABF /* easy.png */; };
		2E79BEC01AA8FF8400416ABF /* hard.png in Resources */ = {isa = PBXBuildFile; fileRef = 2E79BEBD1AA8FF8400416ABF /* hard.png */; };
		2E79BEC11AA8FF8400416ABF /* medium.png in Resources */ = {isa = PBXBuildFile; fileRef = 2E79BEBE1AA8FF8400416ABF /* medium.png */; };
		2E79BEC31AA9009400416ABF /* Coins.png in Resources */ = {isa = PBXBuildFile; fileRef = 2E79BEC21AA9009400416ABF /* Coins.png */; };
		2E79BEC51AA9048400416ABF /* Line.png in Resources */ = {isa = PBXBuildFile; fileRef = 2E79BEC41AA9048400416ABF /* Line.png */; };
		2E8052EB1AA644B10034D787 /* jobsTable.swift in Sources */ = {isa = PBXBuildFile; fileRef = 2E8052EA1AA644B10034D787 /* jobsTable.swift */; };
		2E8052EF1AA64B090034D787 /* JobsTableViewController.swift in Sources */ = {isa = PBXBuildFile; fileRef = 2E8052EE1AA64B090034D787 /* JobsTableViewController.swift */; };
		2E848A2C1AA756E90022DE65 /* colorExtension.swift in Sources */ = {isa = PBXBuildFile; fileRef = 2E848A2B1AA756E90022DE65 /* colorExtension.swift */; };
		2E848A2F1AA793FC0022DE65 /* vink.png in Resources */ = {isa = PBXBuildFile; fileRef = 2E848A2E1AA793FC0022DE65 /* vink.png */; };
		2E848A311AA794000022DE65 /* delete.png in Resources */ = {isa = PBXBuildFile; fileRef = 2E848A301AA794000022DE65 /* delete.png */; };
		2E8840E71AA4B19B00C1E362 /* SWRevealViewController.m in Sources */ = {isa = PBXBuildFile; fileRef = 2E8840E61AA4B19B00C1E362 /* SWRevealViewController.m */; };
		2E9252A81A8E46D800B5AC55 /* WebViewController.swift in Sources */ = {isa = PBXBuildFile; fileRef = 2E9252A71A8E46D800B5AC55 /* WebViewController.swift */; };
		2E9F93B51A8D47830088DAF9 /* LoginController.swift in Sources */ = {isa = PBXBuildFile; fileRef = 2E9F93B41A8D47830088DAF9 /* LoginController.swift */; };
		2E9F93BD1A8D55B10088DAF9 /* pageT1.png in Resources */ = {isa = PBXBuildFile; fileRef = 2E9F93BC1A8D55B10088DAF9 /* pageT1.png */; };
		2E9F93C01A8D5A470088DAF9 /* Slide.swift in Sources */ = {isa = PBXBuildFile; fileRef = 2E9F93BF1A8D5A470088DAF9 /* Slide.swift */; };
		2E9F93C21A8D64B90088DAF9 /* logo.png in Resources */ = {isa = PBXBuildFile; fileRef = 2E9F93C11A8D64B90088DAF9 /* logo.png */; };
		2E9F93C41A8D716B0088DAF9 /* LinkedinLoginController.swift in Sources */ = {isa = PBXBuildFile; fileRef = 2E9F93C31A8D716B0088DAF9 /* LinkedinLoginController.swift */; };
		2EB7C3AA1AA7374C00186235 /* connectSkillsController.swift in Sources */ = {isa = PBXBuildFile; fileRef = 2EB7C3A91AA7374C00186235 /* connectSkillsController.swift */; };
		2EB964441A9CE78700082D51 /* defaultController.swift in Sources */ = {isa = PBXBuildFile; fileRef = 2EB964431A9CE78700082D51 /* defaultController.swift */; };
/* End PBXBuildFile section */

/* Begin PBXContainerItemProxy section */
		2E07FDC61A852B2E001E2135 /* PBXContainerItemProxy */ = {
			isa = PBXContainerItemProxy;
			containerPortal = 2E07FDA61A852B2E001E2135 /* Project object */;
			proxyType = 1;
			remoteGlobalIDString = 2E07FDAD1A852B2E001E2135;
			remoteInfo = MissingSkills;
		};
		2E5EFC571AA39A9F00A54C63 /* PBXContainerItemProxy */ = {
			isa = PBXContainerItemProxy;
			containerPortal = 2EB964381A9CE37900082D51 /* OAuthSwift.xcodeproj */;
			proxyType = 1;
			remoteGlobalIDString = F43502791A6791B200038A29;
			remoteInfo = OAuthSwift;
		};
		2EB9643D1A9CE37900082D51 /* PBXContainerItemProxy */ = {
			isa = PBXContainerItemProxy;
			containerPortal = 2EB964381A9CE37900082D51 /* OAuthSwift.xcodeproj */;
			proxyType = 2;
			remoteGlobalIDString = F451E3C5195B8CD80051434C;
			remoteInfo = OAuthSwiftDemo;
		};
		2EB9643F1A9CE37900082D51 /* PBXContainerItemProxy */ = {
			isa = PBXContainerItemProxy;
			containerPortal = 2EB964381A9CE37900082D51 /* OAuthSwift.xcodeproj */;
			proxyType = 2;
			remoteGlobalIDString = F435027A1A6791B200038A29;
			remoteInfo = OAuthSwift;
		};
/* End PBXContainerItemProxy section */

/* Begin PBXFileReference section */
		2E07FDAE1A852B2E001E2135 /* MissingSkills.app */ = {isa = PBXFileReference; explicitFileType = wrapper.application; includeInIndex = 0; path = MissingSkills.app; sourceTree = BUILT_PRODUCTS_DIR; };
		2E07FDB21A852B2E001E2135 /* Info.plist */ = {isa = PBXFileReference; lastKnownFileType = text.plist.xml; path = Info.plist; sourceTree = "<group>"; };
		2E07FDB31A852B2E001E2135 /* AppDelegate.swift */ = {isa = PBXFileReference; lastKnownFileType = sourcecode.swift; path = AppDelegate.swift; sourceTree = "<group>"; };
		2E07FDB51A852B2E001E2135 /* ChoresController.swift */ = {isa = PBXFileReference; lastKnownFileType = sourcecode.swift; path = ChoresController.swift; sourceTree = "<group>"; };
		2E07FDB71A852B2E001E2135 /* UserController.swift */ = {isa = PBXFileReference; lastKnownFileType = sourcecode.swift; path = UserController.swift; sourceTree = "<group>"; };
		2E07FDBA1A852B2E001E2135 /* Base */ = {isa = PBXFileReference; lastKnownFileType = file.storyboard; name = Base; path = Base.lproj/Main.storyboard; sourceTree = "<group>"; };
		2E07FDBC1A852B2E001E2135 /* Images.xcassets */ = {isa = PBXFileReference; lastKnownFileType = folder.assetcatalog; path = Images.xcassets; sourceTree = "<group>"; };
		2E07FDBF1A852B2E001E2135 /* Base */ = {isa = PBXFileReference; lastKnownFileType = file.xib; name = Base; path = Base.lproj/LaunchScreen.xib; sourceTree = "<group>"; };
		2E07FDC51A852B2E001E2135 /* MissingSkillsTests.xctest */ = {isa = PBXFileReference; explicitFileType = wrapper.cfbundle; includeInIndex = 0; path = MissingSkillsTests.xctest; sourceTree = BUILT_PRODUCTS_DIR; };
		2E07FDCA1A852B2E001E2135 /* Info.plist */ = {isa = PBXFileReference; lastKnownFileType = text.plist.xml; path = Info.plist; sourceTree = "<group>"; };
		2E07FDCB1A852B2E001E2135 /* MissingSkillsTests.swift */ = {isa = PBXFileReference; lastKnownFileType = sourcecode.swift; path = MissingSkillsTests.swift; sourceTree = "<group>"; };
		2E07FDD81A852D4B001E2135 /* RAMBounceAnimation.swift */ = {isa = PBXFileReference; fileEncoding = 4; lastKnownFileType = sourcecode.swift; path = RAMBounceAnimation.swift; sourceTree = "<group>"; };
		2E07FDDA1A852D4B001E2135 /* RAMFrameItemAnimation.swift */ = {isa = PBXFileReference; fileEncoding = 4; lastKnownFileType = sourcecode.swift; path = RAMFrameItemAnimation.swift; sourceTree = "<group>"; };
		2E07FDDC1A852D4B001E2135 /* RAMFumeAnimation.swift */ = {isa = PBXFileReference; fileEncoding = 4; lastKnownFileType = sourcecode.swift; path = RAMFumeAnimation.swift; sourceTree = "<group>"; };
		2E07FDDE1A852D4B001E2135 /* RAMRotationAnimation.swift */ = {isa = PBXFileReference; fileEncoding = 4; lastKnownFileType = sourcecode.swift; path = RAMRotationAnimation.swift; sourceTree = "<group>"; };
		2E07FDE01A852D4B001E2135 /* RAMTransitionItemAnimation.swift */ = {isa = PBXFileReference; fileEncoding = 4; lastKnownFileType = sourcecode.swift; path = RAMTransitionItemAnimation.swift; sourceTree = "<group>"; };
		2E07FDE11A852D4B001E2135 /* RAMAnimatedTabBarController.swift */ = {isa = PBXFileReference; fileEncoding = 4; lastKnownFileType = sourcecode.swift; path = RAMAnimatedTabBarController.swift; sourceTree = "<group>"; };
		2E07FDE21A852D4B001E2135 /* RAMItemAnimationProtocol.swift */ = {isa = PBXFileReference; fileEncoding = 4; lastKnownFileType = sourcecode.swift; path = RAMItemAnimationProtocol.swift; sourceTree = "<group>"; };
		2E07FDEA1A852F62001E2135 /* SkillCoinsController.swift */ = {isa = PBXFileReference; fileEncoding = 4; lastKnownFileType = sourcecode.swift; path = SkillCoinsController.swift; sourceTree = "<group>"; };
		2E07FDEC1A8530BB001E2135 /* SettingsController.swift */ = {isa = PBXFileReference; fileEncoding = 4; lastKnownFileType = sourcecode.swift; path = SettingsController.swift; sourceTree = "<group>"; };
		2E3434891AA22FDB00475D36 /* AudioToolbox.framework */ = {isa = PBXFileReference; lastKnownFileType = wrapper.framework; name = AudioToolbox.framework; path = System/Library/Frameworks/AudioToolbox.framework; sourceTree = SDKROOT; };
		2E34348C1AA22FF000475D36 /* Foundation.framework */ = {isa = PBXFileReference; lastKnownFileType = wrapper.framework; name = Foundation.framework; path = System/Library/Frameworks/Foundation.framework; sourceTree = SDKROOT; };
		2E34348F1AA2300A00475D36 /* CoreGraphics.framework */ = {isa = PBXFileReference; lastKnownFileType = wrapper.framework; name = CoreGraphics.framework; path = System/Library/Frameworks/CoreGraphics.framework; sourceTree = SDKROOT; };
		2E3434921AA2301900475D36 /* CoreLocation.framework */ = {isa = PBXFileReference; lastKnownFileType = wrapper.framework; name = CoreLocation.framework; path = System/Library/Frameworks/CoreLocation.framework; sourceTree = SDKROOT; };
		2E3434951AA2302900475D36 /* libz.dylib */ = {isa = PBXFileReference; lastKnownFileType = "compiled.mach-o.dylib"; name = libz.dylib; path = usr/lib/libz.dylib; sourceTree = SDKROOT; };
		2E3434981AA2303A00475D36 /* MobileCoreServices.framework */ = {isa = PBXFileReference; lastKnownFileType = wrapper.framework; name = MobileCoreServices.framework; path = System/Library/Frameworks/MobileCoreServices.framework; sourceTree = SDKROOT; };
		2E34349B1AA2304800475D36 /* QuartzCore.framework */ = {isa = PBXFileReference; lastKnownFileType = wrapper.framework; name = QuartzCore.framework; path = System/Library/Frameworks/QuartzCore.framework; sourceTree = SDKROOT; };
		2E34349E1AA2305400475D36 /* Security.framework */ = {isa = PBXFileReference; lastKnownFileType = wrapper.framework; name = Security.framework; path = System/Library/Frameworks/Security.framework; sourceTree = SDKROOT; };
		2E3434A41AA2307400475D36 /* SystemConfiguration.framework */ = {isa = PBXFileReference; lastKnownFileType = wrapper.framework; name = SystemConfiguration.framework; path = System/Library/Frameworks/SystemConfiguration.framework; sourceTree = SDKROOT; };
		2E3434A81AA2308E00475D36 /* Bolts.framework */ = {isa = PBXFileReference; lastKnownFileType = wrapper.framework; path = Bolts.framework; sourceTree = "<group>"; };
		2E3434A91AA2308E00475D36 /* Parse.framework */ = {isa = PBXFileReference; lastKnownFileType = wrapper.framework; path = Parse.framework; sourceTree = "<group>"; };
		2E3434AA1AA2308E00475D36 /* ParseCrashReporting.framework */ = {isa = PBXFileReference; lastKnownFileType = wrapper.framework; path = ParseCrashReporting.framework; sourceTree = "<group>"; };
		2E3434AB1AA2308E00475D36 /* ParseFacebookUtils.framework */ = {isa = PBXFileReference; lastKnownFileType = wrapper.framework; path = ParseFacebookUtils.framework; sourceTree = "<group>"; };
		2E3434AC1AA2308E00475D36 /* ParseUI.framework */ = {isa = PBXFileReference; lastKnownFileType = wrapper.framework; path = ParseUI.framework; sourceTree = "<group>"; };
		2E3434B21AA230AF00475D36 /* MissingSkills-Bridging-Header.h */ = {isa = PBXFileReference; lastKnownFileType = sourcecode.c.h; path = "MissingSkills-Bridging-Header.h"; sourceTree = "<group>"; };
		2E3434B31AA230B000475D36 /* ParseBridge.m */ = {isa = PBXFileReference; fileEncoding = 4; lastKnownFileType = sourcecode.c.objc; path = ParseBridge.m; sourceTree = "<group>"; };
		2E3434B51AA2317800475D36 /* libsqlite3.dylib */ = {isa = PBXFileReference; lastKnownFileType = "compiled.mach-o.dylib"; name = libsqlite3.dylib; path = usr/lib/libsqlite3.dylib; sourceTree = SDKROOT; };
		2E426F041A8EA55800A74684 /* Karweitjes.swift */ = {isa = PBXFileReference; fileEncoding = 4; lastKnownFileType = sourcecode.swift; path = Karweitjes.swift; sourceTree = "<group>"; };
		2E426F061A8EA56E00A74684 /* DetailViewController.swift */ = {isa = PBXFileReference; fileEncoding = 4; lastKnownFileType = sourcecode.swift; path = DetailViewController.swift; sourceTree = "<group>"; };
		2E426F081A8EA59300A74684 /* Colors.swift */ = {isa = PBXFileReference; fileEncoding = 4; lastKnownFileType = sourcecode.swift; path = Colors.swift; sourceTree = "<group>"; };
		2E426F0A1A8EA70300A74684 /* CustomCell.swift */ = {isa = PBXFileReference; fileEncoding = 4; lastKnownFileType = sourcecode.swift; path = CustomCell.swift; sourceTree = "<group>"; };
		2E5D65FF1AA5E6DC003673B1 /* MissingSkills.entitlements */ = {isa = PBXFileReference; lastKnownFileType = text.xml; path = MissingSkills.entitlements; sourceTree = "<group>"; };
		2E79BEA91AA8BD8500416ABF /* userv_icon.png */ = {isa = PBXFileReference; lastKnownFileType = image.png; path = userv_icon.png; sourceTree = "<group>"; };
		2E79BEAB1AA8BD8500416ABF /* choresv_icon.png */ = {isa = PBXFileReference; lastKnownFileType = image.png; path = choresv_icon.png; sourceTree = "<group>"; };
		2E79BEB11AA8C5BD00416ABF /* coinv_icon.png */ = {isa = PBXFileReference; lastKnownFileType = image.png; path = coinv_icon.png; sourceTree = "<group>"; };
		2E79BEB21AA8C5BD00416ABF /* settingv_icon.png */ = {isa = PBXFileReference; lastKnownFileType = image.png; path = settingv_icon.png; sourceTree = "<group>"; };
		2E79BEBC1AA8FF8400416ABF /* easy.png */ = {isa = PBXFileReference; lastKnownFileType = image.png; path = easy.png; sourceTree = "<group>"; };
		2E79BEBD1AA8FF8400416ABF /* hard.png */ = {isa = PBXFileReference; lastKnownFileType = image.png; path = hard.png; sourceTree = "<group>"; };
		2E79BEBE1AA8FF8400416ABF /* medium.png */ = {isa = PBXFileReference; lastKnownFileType = image.png; path = medium.png; sourceTree = "<group>"; };
		2E79BEC21AA9009400416ABF /* Coins.png */ = {isa = PBXFileReference; lastKnownFileType = image.png; path = Coins.png; sourceTree = "<group>"; };
		2E79BEC41AA9048400416ABF /* Line.png */ = {isa = PBXFileReference; lastKnownFileType = image.png; path = Line.png; sourceTree = "<group>"; };
		2E8052EA1AA644B10034D787 /* jobsTable.swift */ = {isa = PBXFileReference; fileEncoding = 4; lastKnownFileType = sourcecode.swift; path = jobsTable.swift; sourceTree = "<group>"; };
		2E8052EE1AA64B090034D787 /* JobsTableViewController.swift */ = {isa = PBXFileReference; fileEncoding = 4; lastKnownFileType = sourcecode.swift; path = JobsTableViewController.swift; sourceTree = "<group>"; };
		2E848A2B1AA756E90022DE65 /* colorExtension.swift */ = {isa = PBXFileReference; fileEncoding = 4; lastKnownFileType = sourcecode.swift; path = colorExtension.swift; sourceTree = "<group>"; };
		2E848A2E1AA793FC0022DE65 /* vink.png */ = {isa = PBXFileReference; lastKnownFileType = image.png; path = vink.png; sourceTree = "<group>"; };
		2E848A301AA794000022DE65 /* delete.png */ = {isa = PBXFileReference; lastKnownFileType = image.png; path = delete.png; sourceTree = "<group>"; };
		2E8840E51AA4B19B00C1E362 /* SWRevealViewController.h */ = {isa = PBXFileReference; fileEncoding = 4; lastKnownFileType = sourcecode.c.h; path = SWRevealViewController.h; sourceTree = "<group>"; };
		2E8840E61AA4B19B00C1E362 /* SWRevealViewController.m */ = {isa = PBXFileReference; fileEncoding = 4; lastKnownFileType = sourcecode.c.objc; path = SWRevealViewController.m; sourceTree = "<group>"; };
		2E9252A71A8E46D800B5AC55 /* WebViewController.swift */ = {isa = PBXFileReference; fileEncoding = 4; lastKnownFileType = sourcecode.swift; path = WebViewController.swift; sourceTree = "<group>"; };
		2E9F93B41A8D47830088DAF9 /* LoginController.swift */ = {isa = PBXFileReference; fileEncoding = 4; lastKnownFileType = sourcecode.swift; path = LoginController.swift; sourceTree = "<group>"; };
		2E9F93BC1A8D55B10088DAF9 /* pageT1.png */ = {isa = PBXFileReference; lastKnownFileType = image.png; path = pageT1.png; sourceTree = "<group>"; };
		2E9F93BF1A8D5A470088DAF9 /* Slide.swift */ = {isa = PBXFileReference; fileEncoding = 4; lastKnownFileType = sourcecode.swift; path = Slide.swift; sourceTree = "<group>"; };
		2E9F93C11A8D64B90088DAF9 /* logo.png */ = {isa = PBXFileReference; lastKnownFileType = image.png; path = logo.png; sourceTree = "<group>"; };
		2E9F93C31A8D716B0088DAF9 /* LinkedinLoginController.swift */ = {isa = PBXFileReference; fileEncoding = 4; lastKnownFileType = sourcecode.swift; path = LinkedinLoginController.swift; sourceTree = "<group>"; };
		2EB7C3A91AA7374C00186235 /* connectSkillsController.swift */ = {isa = PBXFileReference; fileEncoding = 4; lastKnownFileType = sourcecode.swift; path = connectSkillsController.swift; sourceTree = "<group>"; };
		2EB964381A9CE37900082D51 /* OAuthSwift.xcodeproj */ = {isa = PBXFileReference; lastKnownFileType = "wrapper.pb-project"; name = OAuthSwift.xcodeproj; path = "../../../OAuthSwift-master 4/OAuthSwift.xcodeproj"; sourceTree = "<group>"; };
		2EB964431A9CE78700082D51 /* defaultController.swift */ = {isa = PBXFileReference; fileEncoding = 4; lastKnownFileType = sourcecode.swift; path = defaultController.swift; sourceTree = "<group>"; };
/* End PBXFileReference section */

/* Begin PBXFrameworksBuildPhase section */
		2E07FDAB1A852B2E001E2135 /* Frameworks */ = {
			isa = PBXFrameworksBuildPhase;
			buildActionMask = 2147483647;
			files = (
				2E3F11161AA27B0B00E16185 /* libsqlite3.dylib in Frameworks */,
				2E3434A61AA2307C00475D36 /* SystemConfiguration.framework in Frameworks */,
				2E3434A01AA2305F00475D36 /* Security.framework in Frameworks */,
				2E3434AD1AA2308E00475D36 /* Bolts.framework in Frameworks */,
				2E34349D1AA2304E00475D36 /* QuartzCore.framework in Frameworks */,
				2E3434AF1AA2308E00475D36 /* ParseCrashReporting.framework in Frameworks */,
				2E3434B11AA2308E00475D36 /* ParseUI.framework in Frameworks */,
				2E34349A1AA2304100475D36 /* MobileCoreServices.framework in Frameworks */,
				2E3434AE1AA2308E00475D36 /* Parse.framework in Frameworks */,
				2E3434B01AA2308E00475D36 /* ParseFacebookUtils.framework in Frameworks */,
				2E3434941AA2302100475D36 /* CoreLocation.framework in Frameworks */,
				2E3434911AA2301400475D36 /* CoreGraphics.framework in Frameworks */,
				2E34348E1AA2300000475D36 /* Foundation.framework in Frameworks */,
				2E34348B1AA22FE700475D36 /* AudioToolbox.framework in Frameworks */,
			);
			runOnlyForDeploymentPostprocessing = 0;
		};
		2E07FDC21A852B2E001E2135 /* Frameworks */ = {
			isa = PBXFrameworksBuildPhase;
			buildActionMask = 2147483647;
			files = (
			);
			runOnlyForDeploymentPostprocessing = 0;
		};
/* End PBXFrameworksBuildPhase section */

/* Begin PBXGroup section */
		2E07FDA51A852B2E001E2135 = {
			isa = PBXGroup;
			children = (
				2E07FDB01A852B2E001E2135 /* MissingSkills */,
				2E07FDC81A852B2E001E2135 /* MissingSkillsTests */,
				2E07FDAF1A852B2E001E2135 /* Products */,
				2E3434B21AA230AF00475D36 /* MissingSkills-Bridging-Header.h */,
			);
			sourceTree = "<group>";
		};
		2E07FDAF1A852B2E001E2135 /* Products */ = {
			isa = PBXGroup;
			children = (
				2E07FDAE1A852B2E001E2135 /* MissingSkills.app */,
				2E07FDC51A852B2E001E2135 /* MissingSkillsTests.xctest */,
			);
			name = Products;
			sourceTree = "<group>";
		};
		2E07FDB01A852B2E001E2135 /* MissingSkills */ = {
			isa = PBXGroup;
			children = (
				2E5D65FF1AA5E6DC003673B1 /* MissingSkills.entitlements */,
				2E3434861AA22FA800475D36 /* Frameworks */,
				2E9F93BE1A8D5A370088DAF9 /* UIKitExtentions */,
				2E9F93B31A8D47420088DAF9 /* Controllers */,
				2E07FDD51A852D4B001E2135 /* RAMAnimatedTabBarController */,
				2E07FDB31A852B2E001E2135 /* AppDelegate.swift */,
				2E07FDB91A852B2E001E2135 /* Main.storyboard */,
				2E07FDBC1A852B2E001E2135 /* Images.xcassets */,
				2E07FDBE1A852B2E001E2135 /* LaunchScreen.xib */,
				2E07FDB11A852B2E001E2135 /* Supporting Files */,
				2E426F041A8EA55800A74684 /* Karweitjes.swift */,
				2E848A2B1AA756E90022DE65 /* colorExtension.swift */,
				2E426F081A8EA59300A74684 /* Colors.swift */,
				2E426F0A1A8EA70300A74684 /* CustomCell.swift */,
				2E8052EA1AA644B10034D787 /* jobsTable.swift */,
			);
			path = MissingSkills;
			sourceTree = "<group>";
		};
		2E07FDB11A852B2E001E2135 /* Supporting Files */ = {
			isa = PBXGroup;
			children = (
				2E79BEBC1AA8FF8400416ABF /* easy.png */,
				2E79BEC21AA9009400416ABF /* Coins.png */,
				2E79BEC41AA9048400416ABF /* Line.png */,
				2E79BEBD1AA8FF8400416ABF /* hard.png */,
				2E79BEBE1AA8FF8400416ABF /* medium.png */,
				2E79BEA91AA8BD8500416ABF /* userv_icon.png */,
				2E79BEB11AA8C5BD00416ABF /* coinv_icon.png */,
				2E79BEB21AA8C5BD00416ABF /* settingv_icon.png */,
				2E79BEAB1AA8BD8500416ABF /* choresv_icon.png */,
				2E848A301AA794000022DE65 /* delete.png */,
				2E848A2E1AA793FC0022DE65 /* vink.png */,
				2E9F93C11A8D64B90088DAF9 /* logo.png */,
				2E9F93BC1A8D55B10088DAF9 /* pageT1.png */,
				2E07FDB21A852B2E001E2135 /* Info.plist */,
			);
			name = "Supporting Files";
			sourceTree = "<group>";
		};
		2E07FDC81A852B2E001E2135 /* MissingSkillsTests */ = {
			isa = PBXGroup;
			children = (
				2E07FDCB1A852B2E001E2135 /* MissingSkillsTests.swift */,
				2E07FDC91A852B2E001E2135 /* Supporting Files */,
			);
			path = MissingSkillsTests;
			sourceTree = "<group>";
		};
		2E07FDC91A852B2E001E2135 /* Supporting Files */ = {
			isa = PBXGroup;
			children = (
				2E07FDCA1A852B2E001E2135 /* Info.plist */,
			);
			name = "Supporting Files";
			sourceTree = "<group>";
		};
		2E07FDD51A852D4B001E2135 /* RAMAnimatedTabBarController */ = {
			isa = PBXGroup;
			children = (
				2E07FDD61A852D4B001E2135 /* Animations */,
				2E07FDE11A852D4B001E2135 /* RAMAnimatedTabBarController.swift */,
				2E07FDE21A852D4B001E2135 /* RAMItemAnimationProtocol.swift */,
			);
			path = RAMAnimatedTabBarController;
			sourceTree = "<group>";
		};
		2E07FDD61A852D4B001E2135 /* Animations */ = {
			isa = PBXGroup;
			children = (
				2E07FDD71A852D4B001E2135 /* BounceAnimation */,
				2E07FDD91A852D4B001E2135 /* FrameAnimation */,
				2E07FDDB1A852D4B001E2135 /* FumeAnimation */,
				2E07FDDD1A852D4B001E2135 /* RotationAnimation */,
				2E07FDDF1A852D4B001E2135 /* TransitionAniamtions */,
			);
			path = Animations;
			sourceTree = "<group>";
		};
		2E07FDD71A852D4B001E2135 /* BounceAnimation */ = {
			isa = PBXGroup;
			children = (
				2E07FDD81A852D4B001E2135 /* RAMBounceAnimation.swift */,
			);
			path = BounceAnimation;
			sourceTree = "<group>";
		};
		2E07FDD91A852D4B001E2135 /* FrameAnimation */ = {
			isa = PBXGroup;
			children = (
				2E07FDDA1A852D4B001E2135 /* RAMFrameItemAnimation.swift */,
			);
			path = FrameAnimation;
			sourceTree = "<group>";
		};
		2E07FDDB1A852D4B001E2135 /* FumeAnimation */ = {
			isa = PBXGroup;
			children = (
				2E07FDDC1A852D4B001E2135 /* RAMFumeAnimation.swift */,
			);
			path = FumeAnimation;
			sourceTree = "<group>";
		};
		2E07FDDD1A852D4B001E2135 /* RotationAnimation */ = {
			isa = PBXGroup;
			children = (
				2E07FDDE1A852D4B001E2135 /* RAMRotationAnimation.swift */,
			);
			path = RotationAnimation;
			sourceTree = "<group>";
		};
		2E07FDDF1A852D4B001E2135 /* TransitionAniamtions */ = {
			isa = PBXGroup;
			children = (
				2E07FDE01A852D4B001E2135 /* RAMTransitionItemAnimation.swift */,
			);
			path = TransitionAniamtions;
			sourceTree = "<group>";
		};
		2E3434861AA22FA800475D36 /* Frameworks */ = {
			isa = PBXGroup;
			children = (
				2E3434B31AA230B000475D36 /* ParseBridge.m */,
				2E8840E51AA4B19B00C1E362 /* SWRevealViewController.h */,
				2E8840E61AA4B19B00C1E362 /* SWRevealViewController.m */,
				2E3434B51AA2317800475D36 /* libsqlite3.dylib */,
				2E3434A71AA2308E00475D36 /* parse-library-1.6.3 */,
				2E3434A41AA2307400475D36 /* SystemConfiguration.framework */,
				2E34349E1AA2305400475D36 /* Security.framework */,
				2E34349B1AA2304800475D36 /* QuartzCore.framework */,
				2E3434981AA2303A00475D36 /* MobileCoreServices.framework */,
				2E3434951AA2302900475D36 /* libz.dylib */,
				2E3434921AA2301900475D36 /* CoreLocation.framework */,
				2E34348F1AA2300A00475D36 /* CoreGraphics.framework */,
				2E34348C1AA22FF000475D36 /* Foundation.framework */,
				2E3434891AA22FDB00475D36 /* AudioToolbox.framework */,
				2EB964381A9CE37900082D51 /* OAuthSwift.xcodeproj */,
			);
			name = Frameworks;
			sourceTree = "<group>";
		};
		2E3434A71AA2308E00475D36 /* parse-library-1.6.3 */ = {
			isa = PBXGroup;
			children = (
				2E3434A81AA2308E00475D36 /* Bolts.framework */,
				2E3434A91AA2308E00475D36 /* Parse.framework */,
				2E3434AA1AA2308E00475D36 /* ParseCrashReporting.framework */,
				2E3434AB1AA2308E00475D36 /* ParseFacebookUtils.framework */,
				2E3434AC1AA2308E00475D36 /* ParseUI.framework */,
			);
			path = "parse-library-1.6.3";
			sourceTree = "<group>";
		};
		2E9F93B31A8D47420088DAF9 /* Controllers */ = {
			isa = PBXGroup;
			children = (
				2E426F061A8EA56E00A74684 /* DetailViewController.swift */,
				2E07FDB51A852B2E001E2135 /* ChoresController.swift */,
				2E07FDB71A852B2E001E2135 /* UserController.swift */,
				2E07FDEA1A852F62001E2135 /* SkillCoinsController.swift */,
				2E07FDEC1A8530BB001E2135 /* SettingsController.swift */,
				2E9F93B41A8D47830088DAF9 /* LoginController.swift */,
				2E9F93C31A8D716B0088DAF9 /* LinkedinLoginController.swift */,
				2E9252A71A8E46D800B5AC55 /* WebViewController.swift */,
				2E8052EE1AA64B090034D787 /* JobsTableViewController.swift */,
				2EB964431A9CE78700082D51 /* defaultController.swift */,
				2EB7C3A91AA7374C00186235 /* connectSkillsController.swift */,
			);
			name = Controllers;
			sourceTree = "<group>";
		};
		2E9F93BE1A8D5A370088DAF9 /* UIKitExtentions */ = {
			isa = PBXGroup;
			children = (
				2E9F93BF1A8D5A470088DAF9 /* Slide.swift */,
			);
			name = UIKitExtentions;
			sourceTree = "<group>";
		};
		2EB964391A9CE37900082D51 /* Products */ = {
			isa = PBXGroup;
			children = (
				2EB9643E1A9CE37900082D51 /* OAuthSwiftDemo.app */,
				2EB964401A9CE37900082D51 /* OAuthSwift.framework */,
			);
			name = Products;
			sourceTree = "<group>";
		};
/* End PBXGroup section */

/* Begin PBXNativeTarget section */
		2E07FDAD1A852B2E001E2135 /* MissingSkills */ = {
			isa = PBXNativeTarget;
			buildConfigurationList = 2E07FDCF1A852B2E001E2135 /* Build configuration list for PBXNativeTarget "MissingSkills" */;
			buildPhases = (
				2E07FDAA1A852B2E001E2135 /* Sources */,
				2E07FDAB1A852B2E001E2135 /* Frameworks */,
				2E07FDAC1A852B2E001E2135 /* Resources */,
			);
			buildRules = (
			);
			dependencies = (
				2E5EFC581AA39A9F00A54C63 /* PBXTargetDependency */,
			);
			name = MissingSkills;
			productName = MissingSkills;
			productReference = 2E07FDAE1A852B2E001E2135 /* MissingSkills.app */;
			productType = "com.apple.product-type.application";
		};
		2E07FDC41A852B2E001E2135 /* MissingSkillsTests */ = {
			isa = PBXNativeTarget;
			buildConfigurationList = 2E07FDD21A852B2E001E2135 /* Build configuration list for PBXNativeTarget "MissingSkillsTests" */;
			buildPhases = (
				2E07FDC11A852B2E001E2135 /* Sources */,
				2E07FDC21A852B2E001E2135 /* Frameworks */,
				2E07FDC31A852B2E001E2135 /* Resources */,
			);
			buildRules = (
			);
			dependencies = (
				2E07FDC71A852B2E001E2135 /* PBXTargetDependency */,
			);
			name = MissingSkillsTests;
			productName = MissingSkillsTests;
			productReference = 2E07FDC51A852B2E001E2135 /* MissingSkillsTests.xctest */;
			productType = "com.apple.product-type.bundle.unit-test";
		};
/* End PBXNativeTarget section */

/* Begin PBXProject section */
		2E07FDA61A852B2E001E2135 /* Project object */ = {
			isa = PBXProject;
			attributes = {
				LastUpgradeCheck = 0620;
				ORGANIZATIONNAME = NielsP;
				TargetAttributes = {
					2E07FDAD1A852B2E001E2135 = {
						CreatedOnToolsVersion = 6.2;
						DevelopmentTeam = HEZ8F5MC4B;
						SystemCapabilities = {
							com.apple.InAppPurchase = {
								enabled = 0;
							};
							com.apple.Passbook = {
								enabled = 0;
							};
						};
					};
					2E07FDC41A852B2E001E2135 = {
						CreatedOnToolsVersion = 6.2;
						TestTargetID = 2E07FDAD1A852B2E001E2135;
					};
				};
			};
			buildConfigurationList = 2E07FDA91A852B2E001E2135 /* Build configuration list for PBXProject "MissingSkills" */;
			compatibilityVersion = "Xcode 3.2";
			developmentRegion = English;
			hasScannedForEncodings = 0;
			knownRegions = (
				en,
				Base,
			);
			mainGroup = 2E07FDA51A852B2E001E2135;
			productRefGroup = 2E07FDAF1A852B2E001E2135 /* Products */;
			projectDirPath = "";
			projectReferences = (
				{
					ProductGroup = 2EB964391A9CE37900082D51 /* Products */;
					ProjectRef = 2EB964381A9CE37900082D51 /* OAuthSwift.xcodeproj */;
				},
			);
			projectRoot = "";
			targets = (
				2E07FDAD1A852B2E001E2135 /* MissingSkills */,
				2E07FDC41A852B2E001E2135 /* MissingSkillsTests */,
			);
		};
/* End PBXProject section */

/* Begin PBXReferenceProxy section */
		2EB9643E1A9CE37900082D51 /* OAuthSwiftDemo.app */ = {
			isa = PBXReferenceProxy;
			fileType = wrapper.application;
			path = OAuthSwiftDemo.app;
			remoteRef = 2EB9643D1A9CE37900082D51 /* PBXContainerItemProxy */;
			sourceTree = BUILT_PRODUCTS_DIR;
		};
		2EB964401A9CE37900082D51 /* OAuthSwift.framework */ = {
			isa = PBXReferenceProxy;
			fileType = wrapper.framework;
			path = OAuthSwift.framework;
			remoteRef = 2EB9643F1A9CE37900082D51 /* PBXContainerItemProxy */;
			sourceTree = BUILT_PRODUCTS_DIR;
		};
/* End PBXReferenceProxy section */

/* Begin PBXResourcesBuildPhase section */
		2E07FDAC1A852B2E001E2135 /* Resources */ = {
			isa = PBXResourcesBuildPhase;
			buildActionMask = 2147483647;
			files = (
				2E79BEB31AA8C5BD00416ABF /* coinv_icon.png in Resources */,
				2E07FDBB1A852B2E001E2135 /* Main.storyboard in Resources */,
				2E79BEC01AA8FF8400416ABF /* hard.png in Resources */,
				2E79BEC51AA9048400416ABF /* Line.png in Resources */,
				2E9F93C21A8D64B90088DAF9 /* logo.png in Resources */,
				2E79BEC11AA8FF8400416ABF /* medium.png in Resources */,
				2E07FDC01A852B2E001E2135 /* LaunchScreen.xib in Resources */,
				2E848A311AA794000022DE65 /* delete.png in Resources */,
				2E79BEC31AA9009400416ABF /* Coins.png in Resources */,
				2E79BEBF1AA8FF8400416ABF /* easy.png in Resources */,
				2E07FDBD1A852B2E001E2135 /* Images.xcassets in Resources */,
				2E79BEAD1AA8BD8500416ABF /* userv_icon.png in Resources */,
				2E9F93BD1A8D55B10088DAF9 /* pageT1.png in Resources */,
				2E848A2F1AA793FC0022DE65 /* vink.png in Resources */,
				2E79BEB41AA8C5BD00416ABF /* settingv_icon.png in Resources */,
				2E79BEAF1AA8BD8500416ABF /* choresv_icon.png in Resources */,
			);
			runOnlyForDeploymentPostprocessing = 0;
		};
		2E07FDC31A852B2E001E2135 /* Resources */ = {
			isa = PBXResourcesBuildPhase;
			buildActionMask = 2147483647;
			files = (
			);
			runOnlyForDeploymentPostprocessing = 0;
		};
/* End PBXResourcesBuildPhase section */

/* Begin PBXSourcesBuildPhase section */
		2E07FDAA1A852B2E001E2135 /* Sources */ = {
			isa = PBXSourcesBuildPhase;
			buildActionMask = 2147483647;
			files = (
				2E426F051A8EA55800A74684 /* Karweitjes.swift in Sources */,
				2E07FDED1A8530BB001E2135 /* SettingsController.swift in Sources */,
				2E426F0B1A8EA70300A74684 /* CustomCell.swift in Sources */,
				2E848A2C1AA756E90022DE65 /* colorExtension.swift in Sources */,
				2E8840E71AA4B19B00C1E362 /* SWRevealViewController.m in Sources */,
				2E07FDB81A852B2E001E2135 /* UserController.swift in Sources */,
				2E07FDE81A852D4B001E2135 /* RAMAnimatedTabBarController.swift in Sources */,
				2E9F93B51A8D47830088DAF9 /* LoginController.swift in Sources */,
				2E3434B41AA230B000475D36 /* ParseBridge.m in Sources */,
				2EB7C3AA1AA7374C00186235 /* connectSkillsController.swift in Sources */,
				2E8052EB1AA644B10034D787 /* jobsTable.swift in Sources */,
				2E07FDEB1A852F62001E2135 /* SkillCoinsController.swift in Sources */,
				2E07FDB41A852B2E001E2135 /* AppDelegate.swift in Sources */,
				2E07FDE71A852D4B001E2135 /* RAMTransitionItemAnimation.swift in Sources */,
				2E07FDE91A852D4B001E2135 /* RAMItemAnimationProtocol.swift in Sources */,
				2E426F071A8EA56E00A74684 /* DetailViewController.swift in Sources */,
				2E07FDB61A852B2E001E2135 /* ChoresController.swift in Sources */,
				2E9F93C01A8D5A470088DAF9 /* Slide.swift in Sources */,
				2E426F091A8EA59300A74684 /* Colors.swift in Sources */,
				2E07FDE61A852D4B001E2135 /* RAMRotationAnimation.swift in Sources */,
				2E07FDE41A852D4B001E2135 /* RAMFrameItemAnimation.swift in Sources */,
				2E07FDE51A852D4B001E2135 /* RAMFumeAnimation.swift in Sources */,
				2E9F93C41A8D716B0088DAF9 /* LinkedinLoginController.swift in Sources */,
				2E07FDE31A852D4B001E2135 /* RAMBounceAnimation.swift in Sources */,
				2E8052EF1AA64B090034D787 /* JobsTableViewController.swift in Sources */,
				2EB964441A9CE78700082D51 /* defaultController.swift in Sources */,
				2E9252A81A8E46D800B5AC55 /* WebViewController.swift in Sources */,
			);
			runOnlyForDeploymentPostprocessing = 0;
		};
		2E07FDC11A852B2E001E2135 /* Sources */ = {
			isa = PBXSourcesBuildPhase;
			buildActionMask = 2147483647;
			files = (
				2E07FDCC1A852B2E001E2135 /* MissingSkillsTests.swift in Sources */,
			);
			runOnlyForDeploymentPostprocessing = 0;
		};
/* End PBXSourcesBuildPhase section */

/* Begin PBXTargetDependency section */
		2E07FDC71A852B2E001E2135 /* PBXTargetDependency */ = {
			isa = PBXTargetDependency;
			target = 2E07FDAD1A852B2E001E2135 /* MissingSkills */;
			targetProxy = 2E07FDC61A852B2E001E2135 /* PBXContainerItemProxy */;
		};
		2E5EFC581AA39A9F00A54C63 /* PBXTargetDependency */ = {
			isa = PBXTargetDependency;
			name = OAuthSwift;
			targetProxy = 2E5EFC571AA39A9F00A54C63 /* PBXContainerItemProxy */;
		};
/* End PBXTargetDependency section */

/* Begin PBXVariantGroup section */
		2E07FDB91A852B2E001E2135 /* Main.storyboard */ = {
			isa = PBXVariantGroup;
			children = (
				2E07FDBA1A852B2E001E2135 /* Base */,
			);
			name = Main.storyboard;
			sourceTree = "<group>";
		};
		2E07FDBE1A852B2E001E2135 /* LaunchScreen.xib */ = {
			isa = PBXVariantGroup;
			children = (
				2E07FDBF1A852B2E001E2135 /* Base */,
			);
			name = LaunchScreen.xib;
			sourceTree = "<group>";
		};
/* End PBXVariantGroup section */

/* Begin XCBuildConfiguration section */
		2E07FDCD1A852B2E001E2135 /* Debug */ = {
			isa = XCBuildConfiguration;
			buildSettings = {
				ALWAYS_SEARCH_USER_PATHS = NO;
				CLANG_CXX_LANGUAGE_STANDARD = "gnu++0x";
				CLANG_CXX_LIBRARY = "libc++";
				CLANG_ENABLE_MODULES = YES;
				CLANG_ENABLE_OBJC_ARC = YES;
				CLANG_WARN_BOOL_CONVERSION = YES;
				CLANG_WARN_CONSTANT_CONVERSION = YES;
				CLANG_WARN_DIRECT_OBJC_ISA_USAGE = YES_ERROR;
				CLANG_WARN_EMPTY_BODY = YES;
				CLANG_WARN_ENUM_CONVERSION = YES;
				CLANG_WARN_INT_CONVERSION = YES;
				CLANG_WARN_OBJC_ROOT_CLASS = YES_ERROR;
				CLANG_WARN_UNREACHABLE_CODE = YES;
				CLANG_WARN__DUPLICATE_METHOD_MATCH = YES;
				"CODE_SIGN_IDENTITY[sdk=iphoneos*]" = "iPhone Developer";
				COPY_PHASE_STRIP = NO;
				ENABLE_STRICT_OBJC_MSGSEND = YES;
				GCC_C_LANGUAGE_STANDARD = gnu99;
				GCC_DYNAMIC_NO_PIC = NO;
				GCC_OPTIMIZATION_LEVEL = 0;
				GCC_PREPROCESSOR_DEFINITIONS = (
					"DEBUG=1",
					"$(inherited)",
				);
				GCC_SYMBOLS_PRIVATE_EXTERN = NO;
				GCC_WARN_64_TO_32_BIT_CONVERSION = YES;
				GCC_WARN_ABOUT_RETURN_TYPE = YES_ERROR;
				GCC_WARN_UNDECLARED_SELECTOR = YES;
				GCC_WARN_UNINITIALIZED_AUTOS = YES_AGGRESSIVE;
				GCC_WARN_UNUSED_FUNCTION = YES;
				GCC_WARN_UNUSED_VARIABLE = YES;
				IPHONEOS_DEPLOYMENT_TARGET = 8.2;
				MTL_ENABLE_DEBUG_INFO = YES;
				ONLY_ACTIVE_ARCH = YES;
				SDKROOT = iphoneos;
				SWIFT_OPTIMIZATION_LEVEL = "-Onone";
			};
			name = Debug;
		};
		2E07FDCE1A852B2E001E2135 /* Release */ = {
			isa = XCBuildConfiguration;
			buildSettings = {
				ALWAYS_SEARCH_USER_PATHS = NO;
				CLANG_CXX_LANGUAGE_STANDARD = "gnu++0x";
				CLANG_CXX_LIBRARY = "libc++";
				CLANG_ENABLE_MODULES = YES;
				CLANG_ENABLE_OBJC_ARC = YES;
				CLANG_WARN_BOOL_CONVERSION = YES;
				CLANG_WARN_CONSTANT_CONVERSION = YES;
				CLANG_WARN_DIRECT_OBJC_ISA_USAGE = YES_ERROR;
				CLANG_WARN_EMPTY_BODY = YES;
				CLANG_WARN_ENUM_CONVERSION = YES;
				CLANG_WARN_INT_CONVERSION = YES;
				CLANG_WARN_OBJC_ROOT_CLASS = YES_ERROR;
				CLANG_WARN_UNREACHABLE_CODE = YES;
				CLANG_WARN__DUPLICATE_METHOD_MATCH = YES;
				"CODE_SIGN_IDENTITY[sdk=iphoneos*]" = "iPhone Developer";
				COPY_PHASE_STRIP = NO;
				ENABLE_NS_ASSERTIONS = NO;
				ENABLE_STRICT_OBJC_MSGSEND = YES;
				GCC_C_LANGUAGE_STANDARD = gnu99;
				GCC_WARN_64_TO_32_BIT_CONVERSION = YES;
				GCC_WARN_ABOUT_RETURN_TYPE = YES_ERROR;
				GCC_WARN_UNDECLARED_SELECTOR = YES;
				GCC_WARN_UNINITIALIZED_AUTOS = YES_AGGRESSIVE;
				GCC_WARN_UNUSED_FUNCTION = YES;
				GCC_WARN_UNUSED_VARIABLE = YES;
				IPHONEOS_DEPLOYMENT_TARGET = 8.2;
				MTL_ENABLE_DEBUG_INFO = NO;
				SDKROOT = iphoneos;
				VALIDATE_PRODUCT = YES;
			};
			name = Release;
		};
		2E07FDD01A852B2E001E2135 /* Debug */ = {
			isa = XCBuildConfiguration;
			buildSettings = {
				ASSETCATALOG_COMPILER_APPICON_NAME = AppIcon;
				CLANG_ENABLE_MODULES = YES;
				CODE_SIGN_IDENTITY = "iPhone Developer";
				"CODE_SIGN_IDENTITY[sdk=iphoneos*]" = "iPhone Developer";
				FRAMEWORK_SEARCH_PATHS = (
					"$(inherited)",
					"$(PROJECT_DIR)/MissingSkills/parse-library-1.6.3",
				);
				INFOPLIST_FILE = MissingSkills/Info.plist;
				IPHONEOS_DEPLOYMENT_TARGET = 8.2;
				LD_RUNPATH_SEARCH_PATHS = "$(inherited) @executable_path/Frameworks";
				PRODUCT_NAME = "$(TARGET_NAME)";
				PROVISIONING_PROFILE = "";
				SWIFT_OBJC_BRIDGING_HEADER = "MissingSkills-Bridging-Header.h";
				SWIFT_OPTIMIZATION_LEVEL = "-Onone";
			};
			name = Debug;
		};
		2E07FDD11A852B2E001E2135 /* Release */ = {
			isa = XCBuildConfiguration;
			buildSettings = {
				ASSETCATALOG_COMPILER_APPICON_NAME = AppIcon;
				CLANG_ENABLE_MODULES = YES;
				CODE_SIGN_IDENTITY = "iPhone Developer";
				"CODE_SIGN_IDENTITY[sdk=iphoneos*]" = "iPhone Developer";
				FRAMEWORK_SEARCH_PATHS = (
					"$(inherited)",
					"$(PROJECT_DIR)/MissingSkills/parse-library-1.6.3",
				);
				INFOPLIST_FILE = MissingSkills/Info.plist;
				IPHONEOS_DEPLOYMENT_TARGET = 8.2;
				LD_RUNPATH_SEARCH_PATHS = "$(inherited) @executable_path/Frameworks";
				PRODUCT_NAME = "$(TARGET_NAME)";
				PROVISIONING_PROFILE = "";
				SWIFT_OBJC_BRIDGING_HEADER = "MissingSkills-Bridging-Header.h";
			};
			name = Release;
		};
		2E07FDD31A852B2E001E2135 /* Debug */ = {
			isa = XCBuildConfiguration;
			buildSettings = {
				BUNDLE_LOADER = "$(TEST_HOST)";
				FRAMEWORK_SEARCH_PATHS = (
					"$(SDKROOT)/Developer/Library/Frameworks",
					"$(inherited)",
				);
				GCC_PREPROCESSOR_DEFINITIONS = (
					"DEBUG=1",
					"$(inherited)",
				);
				INFOPLIST_FILE = MissingSkillsTests/Info.plist;
				LD_RUNPATH_SEARCH_PATHS = "$(inherited) @executable_path/Frameworks @loader_path/Frameworks";
				PRODUCT_NAME = "$(TARGET_NAME)";
				TEST_HOST = "$(BUILT_PRODUCTS_DIR)/MissingSkills.app/MissingSkills";
			};
			name = Debug;
		};
		2E07FDD41A852B2E001E2135 /* Release */ = {
			isa = XCBuildConfiguration;
			buildSettings = {
				BUNDLE_LOADER = "$(TEST_HOST)";
				FRAMEWORK_SEARCH_PATHS = (
					"$(SDKROOT)/Developer/Library/Frameworks",
					"$(inherited)",
				);
				INFOPLIST_FILE = MissingSkillsTests/Info.plist;
				LD_RUNPATH_SEARCH_PATHS = "$(inherited) @executable_path/Frameworks @loader_path/Frameworks";
				PRODUCT_NAME = "$(TARGET_NAME)";
				TEST_HOST = "$(BUILT_PRODUCTS_DIR)/MissingSkills.app/MissingSkills";
			};
			name = Release;
		};
/* End XCBuildConfiguration section */

/* Begin XCConfigurationList section */
		2E07FDA91A852B2E001E2135 /* Build configuration list for PBXProject "MissingSkills" */ = {
			isa = XCConfigurationList;
			buildConfigurations = (
				2E07FDCD1A852B2E001E2135 /* Debug */,
				2E07FDCE1A852B2E001E2135 /* Release */,
			);
			defaultConfigurationIsVisible = 0;
			defaultConfigurationName = Release;
		};
		2E07FDCF1A852B2E001E2135 /* Build configuration list for PBXNativeTarget "MissingSkills" */ = {
			isa = XCConfigurationList;
			buildConfigurations = (
				2E07FDD01A852B2E001E2135 /* Debug */,
				2E07FDD11A852B2E001E2135 /* Release */,
			);
			defaultConfigurationIsVisible = 0;
			defaultConfigurationName = Release;
		};
		2E07FDD21A852B2E001E2135 /* Build configuration list for PBXNativeTarget "MissingSkillsTests" */ = {
			isa = XCConfigurationList;
			buildConfigurations = (
				2E07FDD31A852B2E001E2135 /* Debug */,
				2E07FDD41A852B2E001E2135 /* Release */,
			);
			defaultConfigurationIsVisible = 0;
			defaultConfigurationName = Release;
		};
/* End XCConfigurationList section */
	};
	rootObject = 2E07FDA61A852B2E001E2135 /* Project object */;
}
